
Microsoft Visual Studio Solution File, Format Version 12.00
# Visual Studio 15
VisualStudioVersion = 15.0.28307.1401
MinimumVisualStudioVersion = 10.0.40219.1
Project("{FAE04EC0-301F-11D3-BF4B-00C04F79EFBC}") = "AdvancedCalculatorGUI", "AdvancedCalculatorGUI.csproj", "{2BA1767E-1B7C-4F3F-83F1-64A7A9D66EE6}"
EndProject
Global
	GlobalSection(SolutionConfigurationPlatforms) = preSolution
		Debug|Any CPU = Debug|Any CPU
		Release|Any CPU = Release|Any CPU
	EndGlobalSection
	GlobalSection(ProjectConfigurationPlatforms) = postSolution
		{2BA1767E-1B7C-4F3F-83F1-64A7A9D66EE6}.Debug|Any CPU.ActiveCfg = Debug|Any CPU
		{2BA1767E-1B7C-4F3F-83F1-64A7A9D66EE6}.Debug|Any CPU.Build.0 = Debug|Any CPU
		{2BA1767E-1B7C-4F3F-83F1-64A7A9D66EE6}.Release|Any CPU.ActiveCfg = Release|Any CPU
		{2BA1767E-1B7C-4F3F-83F1-64A7A9D66EE6}.Release|Any CPU.Build.0 = Release|Any CPU
	EndGlobalSection
	GlobalSection(SolutionProperties) = preSolution
		HideSolutionNode = FALSE
	EndGlobalSection
	GlobalSection(ExtensibilityGlobals) = postSolution
		SolutionGuid = {F784B183-C703-4B64-8ECA-9F74CAA76AF7}
	EndGlobalSection
EndGlobal
